// !$*UTF8*$!
{
	archiveVersion = 1;
	classes = {
	};
	objectVersion = 50;
	objects = {

/* Begin PBXBuildFile section */
		0B36E675227A41050078A04E /* SettingsViewController.swift in Sources */ = {isa = PBXBuildFile; fileRef = 0B36E674227A41050078A04E /* SettingsViewController.swift */; };
		3B32D7D322387A2B0004911B /* BlockProblemManager.swift in Sources */ = {isa = PBXBuildFile; fileRef = 3B32D7D222387A2B0004911B /* BlockProblemManager.swift */; };
		3B32D7D5223D28360004911B /* Shared.swift in Sources */ = {isa = PBXBuildFile; fileRef = 3B32D7D4223D28360004911B /* Shared.swift */; };
		3B32D7DB223E5DB60004911B /* ImageScrollView.swift in Sources */ = {isa = PBXBuildFile; fileRef = 3B32D7DA223E5DB60004911B /* ImageScrollView.swift */; };
		3B32D7DD223FF1A70004911B /* BrowseView.swift in Sources */ = {isa = PBXBuildFile; fileRef = 3B32D7DC223FF1A70004911B /* BrowseView.swift */; };
		3B32D7DF224014420004911B /* BrowseViewController.swift in Sources */ = {isa = PBXBuildFile; fileRef = 3B32D7DE224014420004911B /* BrowseViewController.swift */; };
		3B32D7E1224018800004911B /* ViewController.swift in Sources */ = {isa = PBXBuildFile; fileRef = 3B32D7E0224018800004911B /* ViewController.swift */; };
		3B32D7E4224199530004911B /* PickABlockKnownProblems.json in Resources */ = {isa = PBXBuildFile; fileRef = 3B32D7E222412DDD0004911B /* PickABlockKnownProblems.json */; };
		3B3D112E2236F5F500188EF0 /* AppDelegate.swift in Sources */ = {isa = PBXBuildFile; fileRef = 3B3D112D2236F5F500188EF0 /* AppDelegate.swift */; };
		3B3D11302236F5F500188EF0 /* SetViewController.swift in Sources */ = {isa = PBXBuildFile; fileRef = 3B3D112F2236F5F500188EF0 /* SetViewController.swift */; };
		3B3D11332236F5F500188EF0 /* Main.storyboard in Resources */ = {isa = PBXBuildFile; fileRef = 3B3D11312236F5F500188EF0 /* Main.storyboard */; };
		3B3D11352236F5F600188EF0 /* Assets.xcassets in Resources */ = {isa = PBXBuildFile; fileRef = 3B3D11342236F5F600188EF0 /* Assets.xcassets */; };
		3B3D11382236F5F600188EF0 /* LaunchScreen.storyboard in Resources */ = {isa = PBXBuildFile; fileRef = 3B3D11362236F5F600188EF0 /* LaunchScreen.storyboard */; };
		3B3D11422236F7B500188EF0 /* SetView.swift in Sources */ = {isa = PBXBuildFile; fileRef = 3B3D11412236F7B500188EF0 /* SetView.swift */; };
		3B9B252922370AB300D03D34 /* ShapesCoords.swift in Sources */ = {isa = PBXBuildFile; fileRef = 3B9B252822370AB300D03D34 /* ShapesCoords.swift */; };
/* End PBXBuildFile section */

/* Begin PBXFileReference section */
		0B36E674227A41050078A04E /* SettingsViewController.swift */ = {isa = PBXFileReference; fileEncoding = 4; lastKnownFileType = sourcecode.swift; path = SettingsViewController.swift; sourceTree = "<group>"; };
		3B32D7D222387A2B0004911B /* BlockProblemManager.swift */ = {isa = PBXFileReference; lastKnownFileType = sourcecode.swift; path = BlockProblemManager.swift; sourceTree = "<group>"; };
		3B32D7D4223D28360004911B /* Shared.swift */ = {isa = PBXFileReference; lastKnownFileType = sourcecode.swift; path = Shared.swift; sourceTree = "<group>"; };
		3B32D7DA223E5DB60004911B /* ImageScrollView.swift */ = {isa = PBXFileReference; lastKnownFileType = sourcecode.swift; path = ImageScrollView.swift; sourceTree = "<group>"; };
		3B32D7DC223FF1A70004911B /* BrowseView.swift */ = {isa = PBXFileReference; lastKnownFileType = sourcecode.swift; path = BrowseView.swift; sourceTree = "<group>"; };
		3B32D7DE224014420004911B /* BrowseViewController.swift */ = {isa = PBXFileReference; lastKnownFileType = sourcecode.swift; path = BrowseViewController.swift; sourceTree = "<group>"; };
		3B32D7E0224018800004911B /* ViewController.swift */ = {isa = PBXFileReference; lastKnownFileType = sourcecode.swift; path = ViewController.swift; sourceTree = "<group>"; };
		3B32D7E222412DDD0004911B /* PickABlockKnownProblems.json */ = {isa = PBXFileReference; lastKnownFileType = text.json; path = PickABlockKnownProblems.json; sourceTree = "<group>"; };
		3B3D112A2236F5F500188EF0 /* PickABlock.app */ = {isa = PBXFileReference; explicitFileType = wrapper.application; includeInIndex = 0; path = PickABlock.app; sourceTree = BUILT_PRODUCTS_DIR; };
		3B3D112D2236F5F500188EF0 /* AppDelegate.swift */ = {isa = PBXFileReference; lastKnownFileType = sourcecode.swift; path = AppDelegate.swift; sourceTree = "<group>"; };
		3B3D112F2236F5F500188EF0 /* SetViewController.swift */ = {isa = PBXFileReference; lastKnownFileType = sourcecode.swift; path = SetViewController.swift; sourceTree = "<group>"; };
		3B3D11322236F5F500188EF0 /* Base */ = {isa = PBXFileReference; lastKnownFileType = file.storyboard; name = Base; path = Base.lproj/Main.storyboard; sourceTree = "<group>"; };
		3B3D11342236F5F600188EF0 /* Assets.xcassets */ = {isa = PBXFileReference; lastKnownFileType = folder.assetcatalog; path = Assets.xcassets; sourceTree = "<group>"; };
		3B3D11372236F5F600188EF0 /* Base */ = {isa = PBXFileReference; lastKnownFileType = file.storyboard; name = Base; path = Base.lproj/LaunchScreen.storyboard; sourceTree = "<group>"; };
		3B3D11392236F5F600188EF0 /* Info.plist */ = {isa = PBXFileReference; lastKnownFileType = text.plist.xml; path = Info.plist; sourceTree = "<group>"; };
		3B3D11412236F7B500188EF0 /* SetView.swift */ = {isa = PBXFileReference; lastKnownFileType = sourcecode.swift; path = SetView.swift; sourceTree = "<group>"; };
		3B9B252822370AB300D03D34 /* ShapesCoords.swift */ = {isa = PBXFileReference; fileEncoding = 4; lastKnownFileType = sourcecode.swift; path = ShapesCoords.swift; sourceTree = "<group>"; };
/* End PBXFileReference section */

/* Begin PBXFrameworksBuildPhase section */
		3B3D11272236F5F500188EF0 /* Frameworks */ = {
			isa = PBXFrameworksBuildPhase;
			buildActionMask = 2147483647;
			files = (
			);
			runOnlyForDeploymentPostprocessing = 0;
		};
/* End PBXFrameworksBuildPhase section */

/* Begin PBXGroup section */
		3B3D11212236F5F500188EF0 = {
			isa = PBXGroup;
			children = (
				3B3D112C2236F5F500188EF0 /* PickABlock */,
				3B3D112B2236F5F500188EF0 /* Products */,
			);
			sourceTree = "<group>";
		};
		3B3D112B2236F5F500188EF0 /* Products */ = {
			isa = PBXGroup;
			children = (
				3B3D112A2236F5F500188EF0 /* PickABlock.app */,
			);
			name = Products;
			sourceTree = "<group>";
		};
		3B3D112C2236F5F500188EF0 /* PickABlock */ = {
			isa = PBXGroup;
			children = (
				3B3D112D2236F5F500188EF0 /* AppDelegate.swift */,
				3B32D7E0224018800004911B /* ViewController.swift */,
				3B3D112F2236F5F500188EF0 /* SetViewController.swift */,
				3B32D7DE224014420004911B /* BrowseViewController.swift */,
				0B36E674227A41050078A04E /* SettingsViewController.swift */,
				3B32D7DA223E5DB60004911B /* ImageScrollView.swift */,
				3B3D11412236F7B500188EF0 /* SetView.swift */,
				3B32D7DC223FF1A70004911B /* BrowseView.swift */,
				3B32D7D222387A2B0004911B /* BlockProblemManager.swift */,
				3B9B252822370AB300D03D34 /* ShapesCoords.swift */,
				3B32D7D4223D28360004911B /* Shared.swift */,
				3B32D7E222412DDD0004911B /* PickABlockKnownProblems.json */,
				3B3D11342236F5F600188EF0 /* Assets.xcassets */,
				3B3D11312236F5F500188EF0 /* Main.storyboard */,
				3B3D11362236F5F600188EF0 /* LaunchScreen.storyboard */,
				3B3D11392236F5F600188EF0 /* Info.plist */,
			);
			path = PickABlock;
			sourceTree = "<group>";
		};
/* End PBXGroup section */

/* Begin PBXNativeTarget section */
		3B3D11292236F5F500188EF0 /* PickABlock */ = {
			isa = PBXNativeTarget;
			buildConfigurationList = 3B3D113C2236F5F600188EF0 /* Build configuration list for PBXNativeTarget "PickABlock" */;
			buildPhases = (
				3B3D11262236F5F500188EF0 /* Sources */,
				3B3D11272236F5F500188EF0 /* Frameworks */,
				3B3D11282236F5F500188EF0 /* Resources */,
			);
			buildRules = (
			);
			dependencies = (
			);
			name = PickABlock;
			productName = Block;
			productReference = 3B3D112A2236F5F500188EF0 /* PickABlock.app */;
			productType = "com.apple.product-type.application";
		};
/* End PBXNativeTarget section */

/* Begin PBXProject section */
		3B3D11222236F5F500188EF0 /* Project object */ = {
			isa = PBXProject;
			attributes = {
				LastSwiftUpdateCheck = 1010;
				LastUpgradeCheck = 1010;
				ORGANIZATIONNAME = Jakub;
				TargetAttributes = {
					3B3D11292236F5F500188EF0 = {
						CreatedOnToolsVersion = 10.1;
						LastSwiftMigration = 1020;
					};
				};
			};
			buildConfigurationList = 3B3D11252236F5F500188EF0 /* Build configuration list for PBXProject "PickABlock" */;
			compatibilityVersion = "Xcode 9.3";
			developmentRegion = en;
			hasScannedForEncodings = 0;
			knownRegions = (
				en,
				Base,
			);
			mainGroup = 3B3D11212236F5F500188EF0;
			productRefGroup = 3B3D112B2236F5F500188EF0 /* Products */;
			projectDirPath = "";
			projectRoot = "";
			targets = (
				3B3D11292236F5F500188EF0 /* PickABlock */,
			);
		};
/* End PBXProject section */

/* Begin PBXResourcesBuildPhase section */
		3B3D11282236F5F500188EF0 /* Resources */ = {
			isa = PBXResourcesBuildPhase;
			buildActionMask = 2147483647;
			files = (
				3B32D7E4224199530004911B /* PickABlockKnownProblems.json in Resources */,
				3B3D11382236F5F600188EF0 /* LaunchScreen.storyboard in Resources */,
				3B3D11352236F5F600188EF0 /* Assets.xcassets in Resources */,
				3B3D11332236F5F500188EF0 /* Main.storyboard in Resources */,
			);
			runOnlyForDeploymentPostprocessing = 0;
		};
/* End PBXResourcesBuildPhase section */

/* Begin PBXSourcesBuildPhase section */
		3B3D11262236F5F500188EF0 /* Sources */ = {
			isa = PBXSourcesBuildPhase;
			buildActionMask = 2147483647;
			files = (
				3B32D7DD223FF1A70004911B /* BrowseView.swift in Sources */,
				3B32D7D5223D28360004911B /* Shared.swift in Sources */,
				0B36E675227A41050078A04E /* SettingsViewController.swift in Sources */,
				3B32D7E1224018800004911B /* ViewController.swift in Sources */,
				3B32D7DB223E5DB60004911B /* ImageScrollView.swift in Sources */,
				3B3D11422236F7B500188EF0 /* SetView.swift in Sources */,
				3B3D11302236F5F500188EF0 /* SetViewController.swift in Sources */,
				3B3D112E2236F5F500188EF0 /* AppDelegate.swift in Sources */,
				3B32D7DF224014420004911B /* BrowseViewController.swift in Sources */,
				3B9B252922370AB300D03D34 /* ShapesCoords.swift in Sources */,
				3B32D7D322387A2B0004911B /* BlockProblemManager.swift in Sources */,
			);
			runOnlyForDeploymentPostprocessing = 0;
		};
/* End PBXSourcesBuildPhase section */

/* Begin PBXVariantGroup section */
		3B3D11312236F5F500188EF0 /* Main.storyboard */ = {
			isa = PBXVariantGroup;
			children = (
				3B3D11322236F5F500188EF0 /* Base */,
			);
			name = Main.storyboard;
			sourceTree = "<group>";
		};
		3B3D11362236F5F600188EF0 /* LaunchScreen.storyboard */ = {
			isa = PBXVariantGroup;
			children = (
				3B3D11372236F5F600188EF0 /* Base */,
			);
			name = LaunchScreen.storyboard;
			sourceTree = "<group>";
		};
/* End PBXVariantGroup section */

/* Begin XCBuildConfiguration section */
		3B3D113A2236F5F600188EF0 /* Debug */ = {
			isa = XCBuildConfiguration;
			buildSettings = {
				ALWAYS_SEARCH_USER_PATHS = NO;
				CLANG_ANALYZER_NONNULL = YES;
				CLANG_ANALYZER_NUMBER_OBJECT_CONVERSION = YES_AGGRESSIVE;
				CLANG_CXX_LANGUAGE_STANDARD = "gnu++14";
				CLANG_CXX_LIBRARY = "libc++";
				CLANG_ENABLE_MODULES = YES;
				CLANG_ENABLE_OBJC_ARC = YES;
				CLANG_ENABLE_OBJC_WEAK = YES;
				CLANG_WARN_BLOCK_CAPTURE_AUTORELEASING = YES;
				CLANG_WARN_BOOL_CONVERSION = YES;
				CLANG_WARN_COMMA = YES;
				CLANG_WARN_CONSTANT_CONVERSION = YES;
				CLANG_WARN_DEPRECATED_OBJC_IMPLEMENTATIONS = YES;
				CLANG_WARN_DIRECT_OBJC_ISA_USAGE = YES_ERROR;
				CLANG_WARN_DOCUMENTATION_COMMENTS = YES;
				CLANG_WARN_EMPTY_BODY = YES;
				CLANG_WARN_ENUM_CONVERSION = YES;
				CLANG_WARN_INFINITE_RECURSION = YES;
				CLANG_WARN_INT_CONVERSION = YES;
				CLANG_WARN_NON_LITERAL_NULL_CONVERSION = YES;
				CLANG_WARN_OBJC_IMPLICIT_RETAIN_SELF = YES;
				CLANG_WARN_OBJC_LITERAL_CONVERSION = YES;
				CLANG_WARN_OBJC_ROOT_CLASS = YES_ERROR;
				CLANG_WARN_RANGE_LOOP_ANALYSIS = YES;
				CLANG_WARN_STRICT_PROTOTYPES = YES;
				CLANG_WARN_SUSPICIOUS_MOVE = YES;
				CLANG_WARN_UNGUARDED_AVAILABILITY = YES_AGGRESSIVE;
				CLANG_WARN_UNREACHABLE_CODE = YES;
				CLANG_WARN__DUPLICATE_METHOD_MATCH = YES;
				CODE_SIGN_IDENTITY = "iPhone Developer";
				COPY_PHASE_STRIP = NO;
				DEBUG_INFORMATION_FORMAT = dwarf;
				DEVELOPMENT_TEAM = Jakub;
				ENABLE_STRICT_OBJC_MSGSEND = YES;
				ENABLE_TESTABILITY = YES;
				GCC_C_LANGUAGE_STANDARD = gnu11;
				GCC_DYNAMIC_NO_PIC = NO;
				GCC_NO_COMMON_BLOCKS = YES;
				GCC_OPTIMIZATION_LEVEL = 0;
				GCC_PREPROCESSOR_DEFINITIONS = (
					"DEBUG=1",
					"$(inherited)",
				);
				GCC_WARN_64_TO_32_BIT_CONVERSION = YES;
				GCC_WARN_ABOUT_RETURN_TYPE = YES_ERROR;
				GCC_WARN_UNDECLARED_SELECTOR = YES;
				GCC_WARN_UNINITIALIZED_AUTOS = YES_AGGRESSIVE;
				GCC_WARN_UNUSED_FUNCTION = YES;
				GCC_WARN_UNUSED_VARIABLE = YES;
				IPHONEOS_DEPLOYMENT_TARGET = 12.1;
				MTL_ENABLE_DEBUG_INFO = INCLUDE_SOURCE;
				MTL_FAST_MATH = YES;
				ONLY_ACTIVE_ARCH = YES;
				SDKROOT = iphoneos;
				SWIFT_ACTIVE_COMPILATION_CONDITIONS = DEBUG;
				SWIFT_OPTIMIZATION_LEVEL = "-Onone";
			};
			name = Debug;
		};
		3B3D113B2236F5F600188EF0 /* Release */ = {
			isa = XCBuildConfiguration;
			buildSettings = {
				ALWAYS_SEARCH_USER_PATHS = NO;
				CLANG_ANALYZER_NONNULL = YES;
				CLANG_ANALYZER_NUMBER_OBJECT_CONVERSION = YES_AGGRESSIVE;
				CLANG_CXX_LANGUAGE_STANDARD = "gnu++14";
				CLANG_CXX_LIBRARY = "libc++";
				CLANG_ENABLE_MODULES = YES;
				CLANG_ENABLE_OBJC_ARC = YES;
				CLANG_ENABLE_OBJC_WEAK = YES;
				CLANG_WARN_BLOCK_CAPTURE_AUTORELEASING = YES;
				CLANG_WARN_BOOL_CONVERSION = YES;
				CLANG_WARN_COMMA = YES;
				CLANG_WARN_CONSTANT_CONVERSION = YES;
				CLANG_WARN_DEPRECATED_OBJC_IMPLEMENTATIONS = YES;
				CLANG_WARN_DIRECT_OBJC_ISA_USAGE = YES_ERROR;
				CLANG_WARN_DOCUMENTATION_COMMENTS = YES;
				CLANG_WARN_EMPTY_BODY = YES;
				CLANG_WARN_ENUM_CONVERSION = YES;
				CLANG_WARN_INFINITE_RECURSION = YES;
				CLANG_WARN_INT_CONVERSION = YES;
				CLANG_WARN_NON_LITERAL_NULL_CONVERSION = YES;
				CLANG_WARN_OBJC_IMPLICIT_RETAIN_SELF = YES;
				CLANG_WARN_OBJC_LITERAL_CONVERSION = YES;
				CLANG_WARN_OBJC_ROOT_CLASS = YES_ERROR;
				CLANG_WARN_RANGE_LOOP_ANALYSIS = YES;
				CLANG_WARN_STRICT_PROTOTYPES = YES;
				CLANG_WARN_SUSPICIOUS_MOVE = YES;
				CLANG_WARN_UNGUARDED_AVAILABILITY = YES_AGGRESSIVE;
				CLANG_WARN_UNREACHABLE_CODE = YES;
				CLANG_WARN__DUPLICATE_METHOD_MATCH = YES;
				CODE_SIGN_IDENTITY = "iPhone Developer";
				COPY_PHASE_STRIP = NO;
				DEBUG_INFORMATION_FORMAT = "dwarf-with-dsym";
				DEVELOPMENT_TEAM = Jakub;
				ENABLE_NS_ASSERTIONS = NO;
				ENABLE_STRICT_OBJC_MSGSEND = YES;
				GCC_C_LANGUAGE_STANDARD = gnu11;
				GCC_NO_COMMON_BLOCKS = YES;
				GCC_WARN_64_TO_32_BIT_CONVERSION = YES;
				GCC_WARN_ABOUT_RETURN_TYPE = YES_ERROR;
				GCC_WARN_UNDECLARED_SELECTOR = YES;
				GCC_WARN_UNINITIALIZED_AUTOS = YES_AGGRESSIVE;
				GCC_WARN_UNUSED_FUNCTION = YES;
				GCC_WARN_UNUSED_VARIABLE = YES;
				IPHONEOS_DEPLOYMENT_TARGET = 12.1;
				MTL_ENABLE_DEBUG_INFO = NO;
				MTL_FAST_MATH = YES;
				SDKROOT = iphoneos;
				SWIFT_COMPILATION_MODE = wholemodule;
				SWIFT_OPTIMIZATION_LEVEL = "-O";
				VALIDATE_PRODUCT = YES;
			};
			name = Release;
		};
		3B3D113D2236F5F600188EF0 /* Debug */ = {
			isa = XCBuildConfiguration;
			buildSettings = {
				ASSETCATALOG_COMPILER_APPICON_NAME = AppIcon;
				CODE_SIGN_IDENTITY = "iPhone Developer";
				CODE_SIGN_STYLE = Automatic;
				DEVELOPMENT_TEAM = R6K8U2363K;
				INFOPLIST_FILE = "$(SRCROOT)/PickABlock/Info.plist";
				LD_RUNPATH_SEARCH_PATHS = (
					"$(inherited)",
					"@executable_path/Frameworks",
				);
				PRODUCT_BUNDLE_IDENTIFIER = Woof.PickABlock;
				PRODUCT_NAME = "$(TARGET_NAME)";
				PROVISIONING_PROFILE_SPECIFIER = "";
				SWIFT_VERSION = 5.0;
				TARGETED_DEVICE_FAMILY = "1,2";
			};
			name = Debug;
		};
		3B3D113E2236F5F600188EF0 /* Release */ = {
			isa = XCBuildConfiguration;
			buildSettings = {
				ASSETCATALOG_COMPILER_APPICON_NAME = AppIcon;
				CODE_SIGN_IDENTITY = "iPhone Developer";
				CODE_SIGN_STYLE = Automatic;
				DEVELOPMENT_TEAM = R6K8U2363K;
				INFOPLIST_FILE = "$(SRCROOT)/PickABlock/Info.plist";
				LD_RUNPATH_SEARCH_PATHS = (
					"$(inherited)",
					"@executable_path/Frameworks",
				);
				PRODUCT_BUNDLE_IDENTIFIER = Woof.PickABlock;
				PRODUCT_NAME = "$(TARGET_NAME)";
				PROVISIONING_PROFILE_SPECIFIER = "";
				SWIFT_VERSION = 5.0;
				TARGETED_DEVICE_FAMILY = "1,2";
			};
			name = Release;
		};
/* End XCBuildConfiguration section */

/* Begin XCConfigurationList section */
		3B3D11252236F5F500188EF0 /* Build configuration list for PBXProject "PickABlock" */ = {
			isa = XCConfigurationList;
			buildConfigurations = (
				3B3D113A2236F5F600188EF0 /* Debug */,
				3B3D113B2236F5F600188EF0 /* Release */,
			);
			defaultConfigurationIsVisible = 0;
			defaultConfigurationName = Release;
		};
		3B3D113C2236F5F600188EF0 /* Build configuration list for PBXNativeTarget "PickABlock" */ = {
			isa = XCConfigurationList;
			buildConfigurations = (
				3B3D113D2236F5F600188EF0 /* Debug */,
				3B3D113E2236F5F600188EF0 /* Release */,
			);
			defaultConfigurationIsVisible = 0;
			defaultConfigurationName = Release;
		};
/* End XCConfigurationList section */
	};
	rootObject = 3B3D11222236F5F500188EF0 /* Project object */;
}
